
Microsoft Visual Studio Solution File, Format Version 12.00
# Visual Studio 15
VisualStudioVersion = 15.0.27520.0
MinimumVisualStudioVersion = 10.0.40219.1
Project("{9A19103F-16F7-4668-BE54-9A1E7A4F7556}") = "Uno.ImmutableUI", "Uno.ImmutableUI\Uno.ImmutableUI.csproj", "{2903BA0B-DF57-40AB-8904-A3D8063D2FFD}"
	ProjectSection(ProjectDependencies) = postProject
		{334119E9-B74D-4CAA-B962-175A2F40EDC0} = {334119E9-B74D-4CAA-B962-175A2F40EDC0}
	EndProjectSection
EndProject
Project("{9A19103F-16F7-4668-BE54-9A1E7A4F7556}") = "Uno.ImmutableUI.Generator", "Uno.ImmutableUI.Generator\Uno.ImmutableUI.Generator.csproj", "{334119E9-B74D-4CAA-B962-175A2F40EDC0}"
EndProject
Project("{FAE04EC0-301F-11D3-BF4B-00C04F79EFBC}") = "ImmutableTest", "ImmutableTest\ImmutableTest.csproj", "{E00BD33A-7A31-43FD-AE81-D6DA2C19002F}"
EndProject
Global
	GlobalSection(SolutionConfigurationPlatforms) = preSolution
		Debug|Any CPU = Debug|Any CPU
		Debug|ARM = Debug|ARM
		Debug|x64 = Debug|x64
		Debug|x86 = Debug|x86
		Release|Any CPU = Release|Any CPU
		Release|ARM = Release|ARM
		Release|x64 = Release|x64
		Release|x86 = Release|x86
	EndGlobalSection
	GlobalSection(ProjectConfigurationPlatforms) = postSolution
		{2903BA0B-DF57-40AB-8904-A3D8063D2FFD}.Debug|Any CPU.ActiveCfg = Debug|Any CPU
		{2903BA0B-DF57-40AB-8904-A3D8063D2FFD}.Debug|Any CPU.Build.0 = Debug|Any CPU
		{2903BA0B-DF57-40AB-8904-A3D8063D2FFD}.Debug|ARM.ActiveCfg = Debug|Any CPU
		{2903BA0B-DF57-40AB-8904-A3D8063D2FFD}.Debug|ARM.Build.0 = Debug|Any CPU
		{2903BA0B-DF57-40AB-8904-A3D8063D2FFD}.Debug|x64.ActiveCfg = Debug|Any CPU
		{2903BA0B-DF57-40AB-8904-A3D8063D2FFD}.Debug|x64.Build.0 = Debug|Any CPU
		{2903BA0B-DF57-40AB-8904-A3D8063D2FFD}.Debug|x86.ActiveCfg = Debug|Any CPU
		{2903BA0B-DF57-40AB-8904-A3D8063D2FFD}.Debug|x86.Build.0 = Debug|Any CPU
		{2903BA0B-DF57-40AB-8904-A3D8063D2FFD}.Release|Any CPU.ActiveCfg = Release|Any CPU
		{2903BA0B-DF57-40AB-8904-A3D8063D2FFD}.Release|Any CPU.Build.0 = Release|Any CPU
		{2903BA0B-DF57-40AB-8904-A3D8063D2FFD}.Release|ARM.ActiveCfg = Release|Any CPU
		{2903BA0B-DF57-40AB-8904-A3D8063D2FFD}.Release|ARM.Build.0 = Release|Any CPU
		{2903BA0B-DF57-40AB-8904-A3D8063D2FFD}.Release|x64.ActiveCfg = Release|Any CPU
		{2903BA0B-DF57-40AB-8904-A3D8063D2FFD}.Release|x64.Build.0 = Release|Any CPU
		{2903BA0B-DF57-40AB-8904-A3D8063D2FFD}.Release|x86.ActiveCfg = Release|Any CPU
		{2903BA0B-DF57-40AB-8904-A3D8063D2FFD}.Release|x86.Build.0 = Release|Any CPU
		{334119E9-B74D-4CAA-B962-175A2F40EDC0}.Debug|Any CPU.ActiveCfg = Debug|Any CPU
		{334119E9-B74D-4CAA-B962-175A2F40EDC0}.Debug|Any CPU.Build.0 = Debug|Any CPU
		{334119E9-B74D-4CAA-B962-175A2F40EDC0}.Debug|ARM.ActiveCfg = Debug|Any CPU
		{334119E9-B74D-4CAA-B962-175A2F40EDC0}.Debug|ARM.Build.0 = Debug|Any CPU
		{334119E9-B74D-4CAA-B962-175A2F40EDC0}.Debug|x64.ActiveCfg = Debug|Any CPU
		{334119E9-B74D-4CAA-B962-175A2F40EDC0}.Debug|x64.Build.0 = Debug|Any CPU
		{334119E9-B74D-4CAA-B962-175A2F40EDC0}.Debug|x86.ActiveCfg = Debug|Any CPU
		{334119E9-B74D-4CAA-B962-175A2F40EDC0}.Debug|x86.Build.0 = Debug|Any CPU
		{334119E9-B74D-4CAA-B962-175A2F40EDC0}.Release|Any CPU.ActiveCfg = Release|Any CPU
		{334119E9-B74D-4CAA-B962-175A2F40EDC0}.Release|Any CPU.Build.0 = Release|Any CPU
		{334119E9-B74D-4CAA-B962-175A2F40EDC0}.Release|ARM.ActiveCfg = Release|Any CPU
		{334119E9-B74D-4CAA-B962-175A2F40EDC0}.Release|ARM.Build.0 = Release|Any CPU
		{334119E9-B74D-4CAA-B962-175A2F40EDC0}.Release|x64.ActiveCfg = Release|Any CPU
		{334119E9-B74D-4CAA-B962-175A2F40EDC0}.Release|x64.Build.0 = Release|Any CPU
		{334119E9-B74D-4CAA-B962-175A2F40EDC0}.Release|x86.ActiveCfg = Release|Any CPU
		{334119E9-B74D-4CAA-B962-175A2F40EDC0}.Release|x86.Build.0 = Release|Any CPU
		{E00BD33A-7A31-43FD-AE81-D6DA2C19002F}.Debug|Any CPU.ActiveCfg = Debug|x86
		{E00BD33A-7A31-43FD-AE81-D6DA2C19002F}.Debug|ARM.ActiveCfg = Debug|ARM
		{E00BD33A-7A31-43FD-AE81-D6DA2C19002F}.Debug|ARM.Build.0 = Debug|ARM
		{E00BD33A-7A31-43FD-AE81-D6DA2C19002F}.Debug|ARM.Deploy.0 = Debug|ARM
		{E00BD33A-7A31-43FD-AE81-D6DA2C19002F}.Debug|x64.ActiveCfg = Debug|x64
		{E00BD33A-7A31-43FD-AE81-D6DA2C19002F}.Debug|x64.Build.0 = Debug|x64
		{E00BD33A-7A31-43FD-AE81-D6DA2C19002F}.Debug|x64.Deploy.0 = Debug|x64
		{E00BD33A-7A31-43FD-AE81-D6DA2C19002F}.Debug|x86.ActiveCfg = Debug|x86
		{E00BD33A-7A31-43FD-AE81-D6DA2C19002F}.Debug|x86.Build.0 = Debug|x86
		{E00BD33A-7A31-43FD-AE81-D6DA2C19002F}.Debug|x86.Deploy.0 = Debug|x86
		{E00BD33A-7A31-43FD-AE81-D6DA2C19002F}.Release|Any CPU.ActiveCfg = Release|x86
		{E00BD33A-7A31-43FD-AE81-D6DA2C19002F}.Release|ARM.ActiveCfg = Release|ARM
		{E00BD33A-7A31-43FD-AE81-D6DA2C19002F}.Release|ARM.Build.0 = Release|ARM
		{E00BD33A-7A31-43FD-AE81-D6DA2C19002F}.Release|ARM.Deploy.0 = Release|ARM
		{E00BD33A-7A31-43FD-AE81-D6DA2C19002F}.Release|x64.ActiveCfg = Release|x64
		{E00BD33A-7A31-43FD-AE81-D6DA2C19002F}.Release|x64.Build.0 = Release|x64
		{E00BD33A-7A31-43FD-AE81-D6DA2C19002F}.Release|x64.Deploy.0 = Release|x64
		{E00BD33A-7A31-43FD-AE81-D6DA2C19002F}.Release|x86.ActiveCfg = Release|x86
		{E00BD33A-7A31-43FD-AE81-D6DA2C19002F}.Release|x86.Build.0 = Release|x86
		{E00BD33A-7A31-43FD-AE81-D6DA2C19002F}.Release|x86.Deploy.0 = Release|x86
	EndGlobalSection
	GlobalSection(SolutionProperties) = preSolution
		HideSolutionNode = FALSE
	EndGlobalSection
	GlobalSection(ExtensibilityGlobals) = postSolution
		SolutionGuid = {D92FBD69-25A8-48D4-882E-16D68DA6F468}
	EndGlobalSection
EndGlobal
